// !$*UTF8*$!
{
	archiveVersion = 1;
	classes = {
	};
	objectVersion = 60;
	objects = {

/* Begin PBXBuildFile section */
		581E451A2C0CE9E900F9567D /* .gitignore in Resources */ = {isa = PBXBuildFile; fileRef = 581E45192C0CE9E900F9567D /* .gitignore */; };
		581E451C2C0CEA8500F9567D /* README.md in Resources */ = {isa = PBXBuildFile; fileRef = 581E451B2C0CEA8500F9567D /* README.md */; };
		581E451E2C0D630D00F9567D /* OnboardingView1.swift in Sources */ = {isa = PBXBuildFile; fileRef = 581E451D2C0D630D00F9567D /* OnboardingView1.swift */; };
		581E45202C0D6B1C00F9567D /* OnboardingView2.swift in Sources */ = {isa = PBXBuildFile; fileRef = 581E451F2C0D6B1C00F9567D /* OnboardingView2.swift */; };
		583A1FB72C1018B20073F60D /* ProfileView.swift in Sources */ = {isa = PBXBuildFile; fileRef = 583A1FB62C1018B20073F60D /* ProfileView.swift */; };
		587EB4702C0EBE8A0088F903 /* NoFoundView.swift in Sources */ = {isa = PBXBuildFile; fileRef = 587EB46F2C0EBE8A0088F903 /* NoFoundView.swift */; };
		587EB4722C0EBFEA0088F903 /* IamaTeapot.swift in Sources */ = {isa = PBXBuildFile; fileRef = 587EB4712C0EBFEA0088F903 /* IamaTeapot.swift */; };
		587EB4742C0EC7090088F903 /* PromoView.swift in Sources */ = {isa = PBXBuildFile; fileRef = 587EB4732C0EC7090088F903 /* PromoView.swift */; };
		587EB4762C0EC7180088F903 /* OrderView.swift in Sources */ = {isa = PBXBuildFile; fileRef = 587EB4752C0EC7180088F903 /* OrderView.swift */; };
		588827D72C0C801600C0A821 /* FirebaseAnalytics in Frameworks */ = {isa = PBXBuildFile; productRef = 588827D62C0C801600C0A821 /* FirebaseAnalytics */; };
		588827D92C0C801600C0A821 /* FirebaseAnalyticsOnDeviceConversion in Frameworks */ = {isa = PBXBuildFile; productRef = 588827D82C0C801600C0A821 /* FirebaseAnalyticsOnDeviceConversion */; };
		588827DB2C0C801600C0A821 /* FirebaseAnalyticsSwift in Frameworks */ = {isa = PBXBuildFile; productRef = 588827DA2C0C801600C0A821 /* FirebaseAnalyticsSwift */; };
		588827DD2C0C801600C0A821 /* FirebaseAnalyticsWithoutAdIdSupport in Frameworks */ = {isa = PBXBuildFile; productRef = 588827DC2C0C801600C0A821 /* FirebaseAnalyticsWithoutAdIdSupport */; };
		588827DF2C0C801600C0A821 /* FirebaseAppCheck in Frameworks */ = {isa = PBXBuildFile; productRef = 588827DE2C0C801600C0A821 /* FirebaseAppCheck */; };
		588827E22C0C840700C0A821 /* GoogleSignIn in Frameworks */ = {isa = PBXBuildFile; productRef = 588827E12C0C840700C0A821 /* GoogleSignIn */; };
		588827E42C0C840700C0A821 /* GoogleSignInSwift in Frameworks */ = {isa = PBXBuildFile; productRef = 588827E32C0C840700C0A821 /* GoogleSignInSwift */; };
		588827E62C0C874E00C0A821 /* FirebaseAnalytics in Frameworks */ = {isa = PBXBuildFile; productRef = 588827E52C0C874E00C0A821 /* FirebaseAnalytics */; };
		588827E82C0C874E00C0A821 /* FirebaseAnalyticsOnDeviceConversion in Frameworks */ = {isa = PBXBuildFile; productRef = 588827E72C0C874E00C0A821 /* FirebaseAnalyticsOnDeviceConversion */; };
		588827EA2C0C874E00C0A821 /* FirebaseAnalyticsSwift in Frameworks */ = {isa = PBXBuildFile; productRef = 588827E92C0C874E00C0A821 /* FirebaseAnalyticsSwift */; };
		588827EC2C0C874E00C0A821 /* FirebaseAnalyticsWithoutAdIdSupport in Frameworks */ = {isa = PBXBuildFile; productRef = 588827EB2C0C874E00C0A821 /* FirebaseAnalyticsWithoutAdIdSupport */; };
		588827EE2C0C874E00C0A821 /* FirebaseAppCheck in Frameworks */ = {isa = PBXBuildFile; productRef = 588827ED2C0C874E00C0A821 /* FirebaseAppCheck */; };
		588827F02C0C874E00C0A821 /* FirebaseAppDistribution-Beta in Frameworks */ = {isa = PBXBuildFile; productRef = 588827EF2C0C874E00C0A821 /* FirebaseAppDistribution-Beta */; };
		588827F22C0C874E00C0A821 /* FirebaseAuth in Frameworks */ = {isa = PBXBuildFile; productRef = 588827F12C0C874E00C0A821 /* FirebaseAuth */; };
		588827F42C0C874E00C0A821 /* FirebaseAuthCombine-Community in Frameworks */ = {isa = PBXBuildFile; productRef = 588827F32C0C874E00C0A821 /* FirebaseAuthCombine-Community */; };
		588827F62C0C874E00C0A821 /* FirebaseCrashlytics in Frameworks */ = {isa = PBXBuildFile; productRef = 588827F52C0C874E00C0A821 /* FirebaseCrashlytics */; };
		588827F82C0C874E00C0A821 /* FirebaseDatabase in Frameworks */ = {isa = PBXBuildFile; productRef = 588827F72C0C874E00C0A821 /* FirebaseDatabase */; };
		588827FA2C0C874E00C0A821 /* FirebaseDatabaseSwift in Frameworks */ = {isa = PBXBuildFile; productRef = 588827F92C0C874E00C0A821 /* FirebaseDatabaseSwift */; };
		588827FC2C0C874E00C0A821 /* FirebaseDynamicLinks in Frameworks */ = {isa = PBXBuildFile; productRef = 588827FB2C0C874E00C0A821 /* FirebaseDynamicLinks */; };
		588827FE2C0C874E00C0A821 /* FirebaseFirestore in Frameworks */ = {isa = PBXBuildFile; productRef = 588827FD2C0C874E00C0A821 /* FirebaseFirestore */; };
		588828002C0C874E00C0A821 /* FirebaseFirestoreCombine-Community in Frameworks */ = {isa = PBXBuildFile; productRef = 588827FF2C0C874E00C0A821 /* FirebaseFirestoreCombine-Community */; };
		588828022C0C874E00C0A821 /* FirebaseFirestoreSwift in Frameworks */ = {isa = PBXBuildFile; productRef = 588828012C0C874E00C0A821 /* FirebaseFirestoreSwift */; };
		588828042C0C874E00C0A821 /* FirebaseFunctions in Frameworks */ = {isa = PBXBuildFile; productRef = 588828032C0C874E00C0A821 /* FirebaseFunctions */; };
		588828062C0C874E00C0A821 /* FirebaseFunctionsCombine-Community in Frameworks */ = {isa = PBXBuildFile; productRef = 588828052C0C874E00C0A821 /* FirebaseFunctionsCombine-Community */; };
		5888280C2C0C874E00C0A821 /* FirebaseInstallations in Frameworks */ = {isa = PBXBuildFile; productRef = 5888280B2C0C874E00C0A821 /* FirebaseInstallations */; };
		5888280E2C0C874E00C0A821 /* FirebaseMLModelDownloader in Frameworks */ = {isa = PBXBuildFile; productRef = 5888280D2C0C874E00C0A821 /* FirebaseMLModelDownloader */; };
		588828122C0C874E00C0A821 /* FirebasePerformance in Frameworks */ = {isa = PBXBuildFile; productRef = 588828112C0C874E00C0A821 /* FirebasePerformance */; };
		588828142C0C874E00C0A821 /* FirebaseRemoteConfig in Frameworks */ = {isa = PBXBuildFile; productRef = 588828132C0C874E00C0A821 /* FirebaseRemoteConfig */; };
		588828162C0C874E00C0A821 /* FirebaseRemoteConfigSwift in Frameworks */ = {isa = PBXBuildFile; productRef = 588828152C0C874E00C0A821 /* FirebaseRemoteConfigSwift */; };
		588828182C0C874E00C0A821 /* FirebaseStorage in Frameworks */ = {isa = PBXBuildFile; productRef = 588828172C0C874E00C0A821 /* FirebaseStorage */; };
		5888281A2C0C874E00C0A821 /* FirebaseStorageCombine-Community in Frameworks */ = {isa = PBXBuildFile; productRef = 588828192C0C874E00C0A821 /* FirebaseStorageCombine-Community */; };
		5888281C2C0C874E00C0A821 /* FirebaseVertexAI-Preview in Frameworks */ = {isa = PBXBuildFile; productRef = 5888281B2C0C874E00C0A821 /* FirebaseVertexAI-Preview */; };
		5890075B2C1716B4003A1BB9 /* Test.swift in Sources */ = {isa = PBXBuildFile; fileRef = 5890075A2C1716B4003A1BB9 /* Test.swift */; };
		5890075F2C176A99003A1BB9 /* LocationAccess.swift in Sources */ = {isa = PBXBuildFile; fileRef = 5890075E2C176A99003A1BB9 /* LocationAccess.swift */; };
		58CBCBE82C0CA20900F5391A /* SignUpView.swift in Sources */ = {isa = PBXBuildFile; fileRef = 58CBCBE72C0CA20900F5391A /* SignUpView.swift */; };
		58CBCBEE2C0CD61700F5391A /* GoogleService-Info.plist in Resources */ = {isa = PBXBuildFile; fileRef = 58CBCBED2C0CD61700F5391A /* GoogleService-Info.plist */; };
		58CBCBEF2C0CD61700F5391A /* GoogleService-Info.plist in Resources */ = {isa = PBXBuildFile; fileRef = 58CBCBED2C0CD61700F5391A /* GoogleService-Info.plist */; };
		58CBCBF02C0CD61700F5391A /* GoogleService-Info.plist in Resources */ = {isa = PBXBuildFile; fileRef = 58CBCBED2C0CD61700F5391A /* GoogleService-Info.plist */; };
		58CCB9AE2C0B7DB200DDF434 /* LaundryKuApp.swift in Sources */ = {isa = PBXBuildFile; fileRef = 58CCB9AD2C0B7DB200DDF434 /* LaundryKuApp.swift */; };
		58CCB9B02C0B7DB200DDF434 /* ContentView.swift in Sources */ = {isa = PBXBuildFile; fileRef = 58CCB9AF2C0B7DB200DDF434 /* ContentView.swift */; };
		58CCB9B22C0B7DB400DDF434 /* Assets.xcassets in Resources */ = {isa = PBXBuildFile; fileRef = 58CCB9B12C0B7DB400DDF434 /* Assets.xcassets */; };
		58CCB9B52C0B7DB400DDF434 /* Preview Assets.xcassets in Resources */ = {isa = PBXBuildFile; fileRef = 58CCB9B42C0B7DB400DDF434 /* Preview Assets.xcassets */; };
		58CCB9B72C0B7DB400DDF434 /* Persistence.swift in Sources */ = {isa = PBXBuildFile; fileRef = 58CCB9B62C0B7DB400DDF434 /* Persistence.swift */; };
		58CCB9BA2C0B7DB400DDF434 /* LaundryKu.xcdatamodeld in Sources */ = {isa = PBXBuildFile; fileRef = 58CCB9B82C0B7DB400DDF434 /* LaundryKu.xcdatamodeld */; };
		58CCB9C42C0B7DB400DDF434 /* LaundryKuTests.swift in Sources */ = {isa = PBXBuildFile; fileRef = 58CCB9C32C0B7DB400DDF434 /* LaundryKuTests.swift */; };
		58CCB9CE2C0B7DB400DDF434 /* LaundryKuUITests.swift in Sources */ = {isa = PBXBuildFile; fileRef = 58CCB9CD2C0B7DB400DDF434 /* LaundryKuUITests.swift */; };
		58CCB9D02C0B7DB400DDF434 /* LaundryKuUITestsLaunchTests.swift in Sources */ = {isa = PBXBuildFile; fileRef = 58CCB9CF2C0B7DB400DDF434 /* LaundryKuUITestsLaunchTests.swift */; };
		58CCB9DD2C0B7DDF00DDF434 /* OnboardingView.swift in Sources */ = {isa = PBXBuildFile; fileRef = 58CCB9DC2C0B7DDF00DDF434 /* OnboardingView.swift */; };
		58CCB9DF2C0B7E0A00DDF434 /* LoginView.swift in Sources */ = {isa = PBXBuildFile; fileRef = 58CCB9DE2C0B7E0A00DDF434 /* LoginView.swift */; };
		58CCB9E12C0B7E1F00DDF434 /* HomeView.swift in Sources */ = {isa = PBXBuildFile; fileRef = 58CCB9E02C0B7E1F00DDF434 /* HomeView.swift */; };
		58CCB9E32C0C55B500DDF434 /* SplashView.swift in Sources */ = {isa = PBXBuildFile; fileRef = 58CCB9E22C0C55B500DDF434 /* SplashView.swift */; };
		58CCB9E72C0C570500DDF434 /* GlobalData.swift in Sources */ = {isa = PBXBuildFile; fileRef = 58CCB9E62C0C570500DDF434 /* GlobalData.swift */; };
		58CCB9EA2C0C7B2200DDF434 /* AppDelegate.swift in Sources */ = {isa = PBXBuildFile; fileRef = 58CCB9E92C0C7B2100DDF434 /* AppDelegate.swift */; };
/* End PBXBuildFile section */

/* Begin PBXContainerItemProxy section */
		58CCB9C02C0B7DB400DDF434 /* PBXContainerItemProxy */ = {
			isa = PBXContainerItemProxy;
			containerPortal = 58CCB9A22C0B7DB200DDF434 /* Project object */;
			proxyType = 1;
			remoteGlobalIDString = 58CCB9A92C0B7DB200DDF434;
			remoteInfo = LaundryKu;
		};
		58CCB9CA2C0B7DB400DDF434 /* PBXContainerItemProxy */ = {
			isa = PBXContainerItemProxy;
			containerPortal = 58CCB9A22C0B7DB200DDF434 /* Project object */;
			proxyType = 1;
			remoteGlobalIDString = 58CCB9A92C0B7DB200DDF434;
			remoteInfo = LaundryKu;
		};
/* End PBXContainerItemProxy section */

/* Begin PBXFileReference section */
		581E45192C0CE9E900F9567D /* .gitignore */ = {isa = PBXFileReference; lastKnownFileType = text; path = .gitignore; sourceTree = "<group>"; };
		581E451B2C0CEA8500F9567D /* README.md */ = {isa = PBXFileReference; lastKnownFileType = net.daringfireball.markdown; path = README.md; sourceTree = "<group>"; };
		581E451D2C0D630D00F9567D /* OnboardingView1.swift */ = {isa = PBXFileReference; lastKnownFileType = sourcecode.swift; path = OnboardingView1.swift; sourceTree = "<group>"; };
		581E451F2C0D6B1C00F9567D /* OnboardingView2.swift */ = {isa = PBXFileReference; lastKnownFileType = sourcecode.swift; path = OnboardingView2.swift; sourceTree = "<group>"; };
		583A1FB62C1018B20073F60D /* ProfileView.swift */ = {isa = PBXFileReference; lastKnownFileType = sourcecode.swift; path = ProfileView.swift; sourceTree = "<group>"; };
		587EB46F2C0EBE8A0088F903 /* NoFoundView.swift */ = {isa = PBXFileReference; lastKnownFileType = sourcecode.swift; path = NoFoundView.swift; sourceTree = "<group>"; };
		587EB4712C0EBFEA0088F903 /* IamaTeapot.swift */ = {isa = PBXFileReference; lastKnownFileType = sourcecode.swift; path = IamaTeapot.swift; sourceTree = "<group>"; };
		587EB4732C0EC7090088F903 /* PromoView.swift */ = {isa = PBXFileReference; lastKnownFileType = sourcecode.swift; path = PromoView.swift; sourceTree = "<group>"; };
		587EB4752C0EC7180088F903 /* OrderView.swift */ = {isa = PBXFileReference; lastKnownFileType = sourcecode.swift; path = OrderView.swift; sourceTree = "<group>"; };
		5890075A2C1716B4003A1BB9 /* Test.swift */ = {isa = PBXFileReference; lastKnownFileType = sourcecode.swift; path = Test.swift; sourceTree = "<group>"; };
		5890075E2C176A99003A1BB9 /* LocationAccess.swift */ = {isa = PBXFileReference; lastKnownFileType = sourcecode.swift; path = LocationAccess.swift; sourceTree = "<group>"; };
		58CBCBE72C0CA20900F5391A /* SignUpView.swift */ = {isa = PBXFileReference; lastKnownFileType = sourcecode.swift; path = SignUpView.swift; sourceTree = "<group>"; };
		58CBCBED2C0CD61700F5391A /* GoogleService-Info.plist */ = {isa = PBXFileReference; fileEncoding = 4; lastKnownFileType = text.plist.xml; name = "GoogleService-Info.plist"; path = "../../../../../Downloads/GoogleService-Info.plist"; sourceTree = "<group>"; };
		58CBCBF92C0CE24D00F5391A /* Info.plist */ = {isa = PBXFileReference; lastKnownFileType = text.plist; path = Info.plist; sourceTree = "<group>"; };
		58CCB9AA2C0B7DB200DDF434 /* LaundryKu.app */ = {isa = PBXFileReference; explicitFileType = wrapper.application; includeInIndex = 0; path = LaundryKu.app; sourceTree = BUILT_PRODUCTS_DIR; };
		58CCB9AD2C0B7DB200DDF434 /* LaundryKuApp.swift */ = {isa = PBXFileReference; lastKnownFileType = sourcecode.swift; path = LaundryKuApp.swift; sourceTree = "<group>"; };
		58CCB9AF2C0B7DB200DDF434 /* ContentView.swift */ = {isa = PBXFileReference; lastKnownFileType = sourcecode.swift; path = ContentView.swift; sourceTree = "<group>"; };
		58CCB9B12C0B7DB400DDF434 /* Assets.xcassets */ = {isa = PBXFileReference; lastKnownFileType = folder.assetcatalog; path = Assets.xcassets; sourceTree = "<group>"; };
		58CCB9B42C0B7DB400DDF434 /* Preview Assets.xcassets */ = {isa = PBXFileReference; lastKnownFileType = folder.assetcatalog; path = "Preview Assets.xcassets"; sourceTree = "<group>"; };
		58CCB9B62C0B7DB400DDF434 /* Persistence.swift */ = {isa = PBXFileReference; lastKnownFileType = sourcecode.swift; path = Persistence.swift; sourceTree = "<group>"; };
		58CCB9B92C0B7DB400DDF434 /* LaundryKu.xcdatamodel */ = {isa = PBXFileReference; lastKnownFileType = wrapper.xcdatamodel; path = LaundryKu.xcdatamodel; sourceTree = "<group>"; };
		58CCB9BF2C0B7DB400DDF434 /* LaundryKuTests.xctest */ = {isa = PBXFileReference; explicitFileType = wrapper.cfbundle; includeInIndex = 0; path = LaundryKuTests.xctest; sourceTree = BUILT_PRODUCTS_DIR; };
		58CCB9C32C0B7DB400DDF434 /* LaundryKuTests.swift */ = {isa = PBXFileReference; lastKnownFileType = sourcecode.swift; path = LaundryKuTests.swift; sourceTree = "<group>"; };
		58CCB9C92C0B7DB400DDF434 /* LaundryKuUITests.xctest */ = {isa = PBXFileReference; explicitFileType = wrapper.cfbundle; includeInIndex = 0; path = LaundryKuUITests.xctest; sourceTree = BUILT_PRODUCTS_DIR; };
		58CCB9CD2C0B7DB400DDF434 /* LaundryKuUITests.swift */ = {isa = PBXFileReference; lastKnownFileType = sourcecode.swift; path = LaundryKuUITests.swift; sourceTree = "<group>"; };
		58CCB9CF2C0B7DB400DDF434 /* LaundryKuUITestsLaunchTests.swift */ = {isa = PBXFileReference; lastKnownFileType = sourcecode.swift; path = LaundryKuUITestsLaunchTests.swift; sourceTree = "<group>"; };
		58CCB9DC2C0B7DDF00DDF434 /* OnboardingView.swift */ = {isa = PBXFileReference; lastKnownFileType = sourcecode.swift; path = OnboardingView.swift; sourceTree = "<group>"; };
		58CCB9DE2C0B7E0A00DDF434 /* LoginView.swift */ = {isa = PBXFileReference; lastKnownFileType = sourcecode.swift; path = LoginView.swift; sourceTree = "<group>"; };
		58CCB9E02C0B7E1F00DDF434 /* HomeView.swift */ = {isa = PBXFileReference; lastKnownFileType = sourcecode.swift; path = HomeView.swift; sourceTree = "<group>"; };
		58CCB9E22C0C55B500DDF434 /* SplashView.swift */ = {isa = PBXFileReference; lastKnownFileType = sourcecode.swift; path = SplashView.swift; sourceTree = "<group>"; };
		58CCB9E62C0C570500DDF434 /* GlobalData.swift */ = {isa = PBXFileReference; lastKnownFileType = sourcecode.swift; path = GlobalData.swift; sourceTree = "<group>"; };
		58CCB9E82C0C7AED00DDF434 /* LaundryKu.entitlements */ = {isa = PBXFileReference; lastKnownFileType = text.plist.entitlements; path = LaundryKu.entitlements; sourceTree = "<group>"; };
		58CCB9E92C0C7B2100DDF434 /* AppDelegate.swift */ = {isa = PBXFileReference; lastKnownFileType = sourcecode.swift; path = AppDelegate.swift; sourceTree = "<group>"; };
/* End PBXFileReference section */

/* Begin PBXFrameworksBuildPhase section */
		58CCB9A72C0B7DB200DDF434 /* Frameworks */ = {
			isa = PBXFrameworksBuildPhase;
			buildActionMask = 2147483647;
			files = (
				588827DB2C0C801600C0A821 /* FirebaseAnalyticsSwift in Frameworks */,
				588827D72C0C801600C0A821 /* FirebaseAnalytics in Frameworks */,
				588828122C0C874E00C0A821 /* FirebasePerformance in Frameworks */,
				588827E62C0C874E00C0A821 /* FirebaseAnalytics in Frameworks */,
				5888280C2C0C874E00C0A821 /* FirebaseInstallations in Frameworks */,
				588827F02C0C874E00C0A821 /* FirebaseAppDistribution-Beta in Frameworks */,
				5888281A2C0C874E00C0A821 /* FirebaseStorageCombine-Community in Frameworks */,
				588827F42C0C874E00C0A821 /* FirebaseAuthCombine-Community in Frameworks */,
				588828182C0C874E00C0A821 /* FirebaseStorage in Frameworks */,
				5888281C2C0C874E00C0A821 /* FirebaseVertexAI-Preview in Frameworks */,
				588828022C0C874E00C0A821 /* FirebaseFirestoreSwift in Frameworks */,
				588828162C0C874E00C0A821 /* FirebaseRemoteConfigSwift in Frameworks */,
				588827E42C0C840700C0A821 /* GoogleSignInSwift in Frameworks */,
				588828002C0C874E00C0A821 /* FirebaseFirestoreCombine-Community in Frameworks */,
				588828142C0C874E00C0A821 /* FirebaseRemoteConfig in Frameworks */,
				588827F22C0C874E00C0A821 /* FirebaseAuth in Frameworks */,
				588827F82C0C874E00C0A821 /* FirebaseDatabase in Frameworks */,
				588827EE2C0C874E00C0A821 /* FirebaseAppCheck in Frameworks */,
				588827EC2C0C874E00C0A821 /* FirebaseAnalyticsWithoutAdIdSupport in Frameworks */,
				588827EA2C0C874E00C0A821 /* FirebaseAnalyticsSwift in Frameworks */,
				588827E82C0C874E00C0A821 /* FirebaseAnalyticsOnDeviceConversion in Frameworks */,
				588827FC2C0C874E00C0A821 /* FirebaseDynamicLinks in Frameworks */,
				588827FE2C0C874E00C0A821 /* FirebaseFirestore in Frameworks */,
				588827FA2C0C874E00C0A821 /* FirebaseDatabaseSwift in Frameworks */,
				588828042C0C874E00C0A821 /* FirebaseFunctions in Frameworks */,
				588827D92C0C801600C0A821 /* FirebaseAnalyticsOnDeviceConversion in Frameworks */,
				588827DF2C0C801600C0A821 /* FirebaseAppCheck in Frameworks */,
				588827F62C0C874E00C0A821 /* FirebaseCrashlytics in Frameworks */,
				588827DD2C0C801600C0A821 /* FirebaseAnalyticsWithoutAdIdSupport in Frameworks */,
				588827E22C0C840700C0A821 /* GoogleSignIn in Frameworks */,
				588828062C0C874E00C0A821 /* FirebaseFunctionsCombine-Community in Frameworks */,
				5888280E2C0C874E00C0A821 /* FirebaseMLModelDownloader in Frameworks */,
			);
			runOnlyForDeploymentPostprocessing = 0;
		};
		58CCB9BC2C0B7DB400DDF434 /* Frameworks */ = {
			isa = PBXFrameworksBuildPhase;
			buildActionMask = 2147483647;
			files = (
			);
			runOnlyForDeploymentPostprocessing = 0;
		};
		58CCB9C62C0B7DB400DDF434 /* Frameworks */ = {
			isa = PBXFrameworksBuildPhase;
			buildActionMask = 2147483647;
			files = (
			);
			runOnlyForDeploymentPostprocessing = 0;
		};
/* End PBXFrameworksBuildPhase section */

/* Begin PBXGroup section */
		5888281F2C0C887D00C0A821 /* Buat Login */ = {
			isa = PBXGroup;
			children = (
				58CCB9E92C0C7B2100DDF434 /* AppDelegate.swift */,
			);
			path = "Buat Login";
			sourceTree = "<group>";
		};
		5890075C2C176A6D003A1BB9 /* ErrorView */ = {
			isa = PBXGroup;
			children = (
				587EB4712C0EBFEA0088F903 /* IamaTeapot.swift */,
				587EB46F2C0EBE8A0088F903 /* NoFoundView.swift */,
			);
			path = ErrorView;
			sourceTree = "<group>";
		};
		5890075D2C176A7B003A1BB9 /* Important */ = {
			isa = PBXGroup;
			children = (
				58CCB9B62C0B7DB400DDF434 /* Persistence.swift */,
				58CCB9E62C0C570500DDF434 /* GlobalData.swift */,
			);
			path = Important;
			sourceTree = "<group>";
		};
		58CCB9A12C0B7DB200DDF434 = {
			isa = PBXGroup;
			children = (
				581E451B2C0CEA8500F9567D /* README.md */,
				581E45192C0CE9E900F9567D /* .gitignore */,
				58CCB9AC2C0B7DB200DDF434 /* LaundryKu */,
				58CCB9C22C0B7DB400DDF434 /* LaundryKuTests */,
				58CCB9CC2C0B7DB400DDF434 /* LaundryKuUITests */,
				58CCB9AB2C0B7DB200DDF434 /* Products */,
			);
			sourceTree = "<group>";
		};
		58CCB9AB2C0B7DB200DDF434 /* Products */ = {
			isa = PBXGroup;
			children = (
				58CCB9AA2C0B7DB200DDF434 /* LaundryKu.app */,
				58CCB9BF2C0B7DB400DDF434 /* LaundryKuTests.xctest */,
				58CCB9C92C0B7DB400DDF434 /* LaundryKuUITests.xctest */,
			);
			name = Products;
			sourceTree = "<group>";
		};
		58CCB9AC2C0B7DB200DDF434 /* LaundryKu */ = {
			isa = PBXGroup;
			children = (
				58CBCBF92C0CE24D00F5391A /* Info.plist */,
				58CBCBED2C0CD61700F5391A /* GoogleService-Info.plist */,
				58CCB9E82C0C7AED00DDF434 /* LaundryKu.entitlements */,
				58CCB9AD2C0B7DB200DDF434 /* LaundryKuApp.swift */,
				58CCB9AF2C0B7DB200DDF434 /* ContentView.swift */,
				58CCB9B12C0B7DB400DDF434 /* Assets.xcassets */,
				5890075D2C176A7B003A1BB9 /* Important */,
				5890075C2C176A6D003A1BB9 /* ErrorView */,
				58CCB9B82C0B7DB400DDF434 /* LaundryKu.xcdatamodeld */,
				58CCB9E52C0C55FD00DDF434 /* Onboarding */,
				58CCB9B32C0B7DB400DDF434 /* Preview Content */,
				58CCB9E42C0C55F300DDF434 /* Order Page */,
				58CCB9E02C0B7E1F00DDF434 /* HomeView.swift */,
			);
			path = LaundryKu;
			sourceTree = "<group>";
		};
		58CCB9B32C0B7DB400DDF434 /* Preview Content */ = {
			isa = PBXGroup;
			children = (
				58CCB9B42C0B7DB400DDF434 /* Preview Assets.xcassets */,
			);
			path = "Preview Content";
			sourceTree = "<group>";
		};
		58CCB9C22C0B7DB400DDF434 /* LaundryKuTests */ = {
			isa = PBXGroup;
			children = (
				58CCB9C32C0B7DB400DDF434 /* LaundryKuTests.swift */,
			);
			path = LaundryKuTests;
			sourceTree = "<group>";
		};
		58CCB9CC2C0B7DB400DDF434 /* LaundryKuUITests */ = {
			isa = PBXGroup;
			children = (
				58CCB9CD2C0B7DB400DDF434 /* LaundryKuUITests.swift */,
				58CCB9CF2C0B7DB400DDF434 /* LaundryKuUITestsLaunchTests.swift */,
			);
			path = LaundryKuUITests;
			sourceTree = "<group>";
		};
		58CCB9E42C0C55F300DDF434 /* Order Page */ = {
			isa = PBXGroup;
			children = (
				583A1FB62C1018B20073F60D /* ProfileView.swift */,
				587EB4732C0EC7090088F903 /* PromoView.swift */,
				587EB4752C0EC7180088F903 /* OrderView.swift */,
			);
			path = "Order Page";
			sourceTree = "<group>";
		};
		58CCB9E52C0C55FD00DDF434 /* Onboarding */ = {
			isa = PBXGroup;
			children = (
				58CCB9E22C0C55B500DDF434 /* SplashView.swift */,
				58CCB9DC2C0B7DDF00DDF434 /* OnboardingView.swift */,
				581E451F2C0D6B1C00F9567D /* OnboardingView2.swift */,
				581E451D2C0D630D00F9567D /* OnboardingView1.swift */,
				5888281F2C0C887D00C0A821 /* Buat Login */,
				58CCB9DE2C0B7E0A00DDF434 /* LoginView.swift */,
				58CBCBE72C0CA20900F5391A /* SignUpView.swift */,
				5890075A2C1716B4003A1BB9 /* Test.swift */,
				5890075E2C176A99003A1BB9 /* LocationAccess.swift */,
			);
			path = Onboarding;
			sourceTree = "<group>";
		};
/* End PBXGroup section */

/* Begin PBXNativeTarget section */
		58CCB9A92C0B7DB200DDF434 /* LaundryKu */ = {
			isa = PBXNativeTarget;
			buildConfigurationList = 58CCB9D32C0B7DB400DDF434 /* Build configuration list for PBXNativeTarget "LaundryKu" */;
			buildPhases = (
				58CCB9A62C0B7DB200DDF434 /* Sources */,
				58CCB9A72C0B7DB200DDF434 /* Frameworks */,
				58CCB9A82C0B7DB200DDF434 /* Resources */,
			);
			buildRules = (
			);
			dependencies = (
			);
			name = LaundryKu;
			packageProductDependencies = (
				588827D62C0C801600C0A821 /* FirebaseAnalytics */,
				588827D82C0C801600C0A821 /* FirebaseAnalyticsOnDeviceConversion */,
				588827DA2C0C801600C0A821 /* FirebaseAnalyticsSwift */,
				588827DC2C0C801600C0A821 /* FirebaseAnalyticsWithoutAdIdSupport */,
				588827DE2C0C801600C0A821 /* FirebaseAppCheck */,
				588827E12C0C840700C0A821 /* GoogleSignIn */,
				588827E32C0C840700C0A821 /* GoogleSignInSwift */,
				588827E52C0C874E00C0A821 /* FirebaseAnalytics */,
				588827E72C0C874E00C0A821 /* FirebaseAnalyticsOnDeviceConversion */,
				588827E92C0C874E00C0A821 /* FirebaseAnalyticsSwift */,
				588827EB2C0C874E00C0A821 /* FirebaseAnalyticsWithoutAdIdSupport */,
				588827ED2C0C874E00C0A821 /* FirebaseAppCheck */,
				588827EF2C0C874E00C0A821 /* FirebaseAppDistribution-Beta */,
				588827F12C0C874E00C0A821 /* FirebaseAuth */,
				588827F32C0C874E00C0A821 /* FirebaseAuthCombine-Community */,
				588827F52C0C874E00C0A821 /* FirebaseCrashlytics */,
				588827F72C0C874E00C0A821 /* FirebaseDatabase */,
				588827F92C0C874E00C0A821 /* FirebaseDatabaseSwift */,
				588827FB2C0C874E00C0A821 /* FirebaseDynamicLinks */,
				588827FD2C0C874E00C0A821 /* FirebaseFirestore */,
				588827FF2C0C874E00C0A821 /* FirebaseFirestoreCombine-Community */,
				588828012C0C874E00C0A821 /* FirebaseFirestoreSwift */,
				588828032C0C874E00C0A821 /* FirebaseFunctions */,
				588828052C0C874E00C0A821 /* FirebaseFunctionsCombine-Community */,
				5888280B2C0C874E00C0A821 /* FirebaseInstallations */,
				5888280D2C0C874E00C0A821 /* FirebaseMLModelDownloader */,
				588828112C0C874E00C0A821 /* FirebasePerformance */,
				588828132C0C874E00C0A821 /* FirebaseRemoteConfig */,
				588828152C0C874E00C0A821 /* FirebaseRemoteConfigSwift */,
				588828172C0C874E00C0A821 /* FirebaseStorage */,
				588828192C0C874E00C0A821 /* FirebaseStorageCombine-Community */,
				5888281B2C0C874E00C0A821 /* FirebaseVertexAI-Preview */,
			);
			productName = LaundryKu;
			productReference = 58CCB9AA2C0B7DB200DDF434 /* LaundryKu.app */;
			productType = "com.apple.product-type.application";
		};
		58CCB9BE2C0B7DB400DDF434 /* LaundryKuTests */ = {
			isa = PBXNativeTarget;
			buildConfigurationList = 58CCB9D62C0B7DB400DDF434 /* Build configuration list for PBXNativeTarget "LaundryKuTests" */;
			buildPhases = (
				58CCB9BB2C0B7DB400DDF434 /* Sources */,
				58CCB9BC2C0B7DB400DDF434 /* Frameworks */,
				58CCB9BD2C0B7DB400DDF434 /* Resources */,
			);
			buildRules = (
			);
			dependencies = (
				58CCB9C12C0B7DB400DDF434 /* PBXTargetDependency */,
			);
			name = LaundryKuTests;
			productName = LaundryKuTests;
			productReference = 58CCB9BF2C0B7DB400DDF434 /* LaundryKuTests.xctest */;
			productType = "com.apple.product-type.bundle.unit-test";
		};
		58CCB9C82C0B7DB400DDF434 /* LaundryKuUITests */ = {
			isa = PBXNativeTarget;
			buildConfigurationList = 58CCB9D92C0B7DB400DDF434 /* Build configuration list for PBXNativeTarget "LaundryKuUITests" */;
			buildPhases = (
				58CCB9C52C0B7DB400DDF434 /* Sources */,
				58CCB9C62C0B7DB400DDF434 /* Frameworks */,
				58CCB9C72C0B7DB400DDF434 /* Resources */,
			);
			buildRules = (
			);
			dependencies = (
				58CCB9CB2C0B7DB400DDF434 /* PBXTargetDependency */,
			);
			name = LaundryKuUITests;
			productName = LaundryKuUITests;
			productReference = 58CCB9C92C0B7DB400DDF434 /* LaundryKuUITests.xctest */;
			productType = "com.apple.product-type.bundle.ui-testing";
		};
/* End PBXNativeTarget section */

/* Begin PBXProject section */
		58CCB9A22C0B7DB200DDF434 /* Project object */ = {
			isa = PBXProject;
			attributes = {
				BuildIndependentTargetsInParallel = 1;
				LastSwiftUpdateCheck = 1540;
				LastUpgradeCheck = 1540;
				TargetAttributes = {
					58CCB9A92C0B7DB200DDF434 = {
						CreatedOnToolsVersion = 15.4;
					};
					58CCB9BE2C0B7DB400DDF434 = {
						CreatedOnToolsVersion = 15.4;
						TestTargetID = 58CCB9A92C0B7DB200DDF434;
					};
					58CCB9C82C0B7DB400DDF434 = {
						CreatedOnToolsVersion = 15.4;
						TestTargetID = 58CCB9A92C0B7DB200DDF434;
					};
				};
			};
			buildConfigurationList = 58CCB9A52C0B7DB200DDF434 /* Build configuration list for PBXProject "LaundryKu" */;
			compatibilityVersion = "Xcode 14.0";
			developmentRegion = en;
			hasScannedForEncodings = 0;
			knownRegions = (
				en,
				Base,
			);
			mainGroup = 58CCB9A12C0B7DB200DDF434;
			packageReferences = (
				588827D52C0C801600C0A821 /* XCLocalSwiftPackageReference "../firebase-ios-sdk" */,
				588827E02C0C840700C0A821 /* XCLocalSwiftPackageReference "../GoogleSignIn-iOS" */,
			);
			productRefGroup = 58CCB9AB2C0B7DB200DDF434 /* Products */;
			projectDirPath = "";
			projectRoot = "";
			targets = (
				58CCB9A92C0B7DB200DDF434 /* LaundryKu */,
				58CCB9BE2C0B7DB400DDF434 /* LaundryKuTests */,
				58CCB9C82C0B7DB400DDF434 /* LaundryKuUITests */,
			);
		};
/* End PBXProject section */

/* Begin PBXResourcesBuildPhase section */
		58CCB9A82C0B7DB200DDF434 /* Resources */ = {
			isa = PBXResourcesBuildPhase;
			buildActionMask = 2147483647;
			files = (
				581E451A2C0CE9E900F9567D /* .gitignore in Resources */,
				58CCB9B52C0B7DB400DDF434 /* Preview Assets.xcassets in Resources */,
				581E451C2C0CEA8500F9567D /* README.md in Resources */,
				58CBCBEE2C0CD61700F5391A /* GoogleService-Info.plist in Resources */,
				58CCB9B22C0B7DB400DDF434 /* Assets.xcassets in Resources */,
			);
			runOnlyForDeploymentPostprocessing = 0;
		};
		58CCB9BD2C0B7DB400DDF434 /* Resources */ = {
			isa = PBXResourcesBuildPhase;
			buildActionMask = 2147483647;
			files = (
				58CBCBEF2C0CD61700F5391A /* GoogleService-Info.plist in Resources */,
			);
			runOnlyForDeploymentPostprocessing = 0;
		};
		58CCB9C72C0B7DB400DDF434 /* Resources */ = {
			isa = PBXResourcesBuildPhase;
			buildActionMask = 2147483647;
			files = (
				58CBCBF02C0CD61700F5391A /* GoogleService-Info.plist in Resources */,
			);
			runOnlyForDeploymentPostprocessing = 0;
		};
/* End PBXResourcesBuildPhase section */

/* Begin PBXSourcesBuildPhase section */
		58CCB9A62C0B7DB200DDF434 /* Sources */ = {
			isa = PBXSourcesBuildPhase;
			buildActionMask = 2147483647;
			files = (
				581E45202C0D6B1C00F9567D /* OnboardingView2.swift in Sources */,
				58CCB9DF2C0B7E0A00DDF434 /* LoginView.swift in Sources */,
				587EB4742C0EC7090088F903 /* PromoView.swift in Sources */,
				587EB4762C0EC7180088F903 /* OrderView.swift in Sources */,
				5890075B2C1716B4003A1BB9 /* Test.swift in Sources */,
				58CCB9E32C0C55B500DDF434 /* SplashView.swift in Sources */,
				58CCB9E12C0B7E1F00DDF434 /* HomeView.swift in Sources */,
				587EB4722C0EBFEA0088F903 /* IamaTeapot.swift in Sources */,
				58CCB9B72C0B7DB400DDF434 /* Persistence.swift in Sources */,
				58CCB9BA2C0B7DB400DDF434 /* LaundryKu.xcdatamodeld in Sources */,
				58CBCBE82C0CA20900F5391A /* SignUpView.swift in Sources */,
				58CCB9B02C0B7DB200DDF434 /* ContentView.swift in Sources */,
				581E451E2C0D630D00F9567D /* OnboardingView1.swift in Sources */,
				58CCB9E72C0C570500DDF434 /* GlobalData.swift in Sources */,
				5890075F2C176A99003A1BB9 /* LocationAccess.swift in Sources */,
				587EB4702C0EBE8A0088F903 /* NoFoundView.swift in Sources */,
				58CCB9DD2C0B7DDF00DDF434 /* OnboardingView.swift in Sources */,
				583A1FB72C1018B20073F60D /* ProfileView.swift in Sources */,
				58CCB9EA2C0C7B2200DDF434 /* AppDelegate.swift in Sources */,
				58CCB9AE2C0B7DB200DDF434 /* LaundryKuApp.swift in Sources */,
			);
			runOnlyForDeploymentPostprocessing = 0;
		};
		58CCB9BB2C0B7DB400DDF434 /* Sources */ = {
			isa = PBXSourcesBuildPhase;
			buildActionMask = 2147483647;
			files = (
				58CCB9C42C0B7DB400DDF434 /* LaundryKuTests.swift in Sources */,
			);
			runOnlyForDeploymentPostprocessing = 0;
		};
		58CCB9C52C0B7DB400DDF434 /* Sources */ = {
			isa = PBXSourcesBuildPhase;
			buildActionMask = 2147483647;
			files = (
				58CCB9D02C0B7DB400DDF434 /* LaundryKuUITestsLaunchTests.swift in Sources */,
				58CCB9CE2C0B7DB400DDF434 /* LaundryKuUITests.swift in Sources */,
			);
			runOnlyForDeploymentPostprocessing = 0;
		};
/* End PBXSourcesBuildPhase section */

/* Begin PBXTargetDependency section */
		58CCB9C12C0B7DB400DDF434 /* PBXTargetDependency */ = {
			isa = PBXTargetDependency;
			target = 58CCB9A92C0B7DB200DDF434 /* LaundryKu */;
			targetProxy = 58CCB9C02C0B7DB400DDF434 /* PBXContainerItemProxy */;
		};
		58CCB9CB2C0B7DB400DDF434 /* PBXTargetDependency */ = {
			isa = PBXTargetDependency;
			target = 58CCB9A92C0B7DB200DDF434 /* LaundryKu */;
			targetProxy = 58CCB9CA2C0B7DB400DDF434 /* PBXContainerItemProxy */;
		};
/* End PBXTargetDependency section */

/* Begin XCBuildConfiguration section */
		58CCB9D12C0B7DB400DDF434 /* Debug */ = {
			isa = XCBuildConfiguration;
			buildSettings = {
				ALWAYS_SEARCH_USER_PATHS = NO;
				ASSETCATALOG_COMPILER_GENERATE_SWIFT_ASSET_SYMBOL_EXTENSIONS = YES;
				CLANG_ANALYZER_NONNULL = YES;
				CLANG_ANALYZER_NUMBER_OBJECT_CONVERSION = YES_AGGRESSIVE;
				CLANG_CXX_LANGUAGE_STANDARD = "gnu++20";
				CLANG_ENABLE_MODULES = YES;
				CLANG_ENABLE_OBJC_ARC = YES;
				CLANG_ENABLE_OBJC_WEAK = YES;
				CLANG_WARN_BLOCK_CAPTURE_AUTORELEASING = YES;
				CLANG_WARN_BOOL_CONVERSION = YES;
				CLANG_WARN_COMMA = YES;
				CLANG_WARN_CONSTANT_CONVERSION = YES;
				CLANG_WARN_DEPRECATED_OBJC_IMPLEMENTATIONS = YES;
				CLANG_WARN_DIRECT_OBJC_ISA_USAGE = YES_ERROR;
				CLANG_WARN_DOCUMENTATION_COMMENTS = YES;
				CLANG_WARN_EMPTY_BODY = YES;
				CLANG_WARN_ENUM_CONVERSION = YES;
				CLANG_WARN_INFINITE_RECURSION = YES;
				CLANG_WARN_INT_CONVERSION = YES;
				CLANG_WARN_NON_LITERAL_NULL_CONVERSION = YES;
				CLANG_WARN_OBJC_IMPLICIT_RETAIN_SELF = YES;
				CLANG_WARN_OBJC_LITERAL_CONVERSION = YES;
				CLANG_WARN_OBJC_ROOT_CLASS = YES_ERROR;
				CLANG_WARN_QUOTED_INCLUDE_IN_FRAMEWORK_HEADER = YES;
				CLANG_WARN_RANGE_LOOP_ANALYSIS = YES;
				CLANG_WARN_STRICT_PROTOTYPES = YES;
				CLANG_WARN_SUSPICIOUS_MOVE = YES;
				CLANG_WARN_UNGUARDED_AVAILABILITY = YES_AGGRESSIVE;
				CLANG_WARN_UNREACHABLE_CODE = YES;
				CLANG_WARN__DUPLICATE_METHOD_MATCH = YES;
				COPY_PHASE_STRIP = NO;
				DEBUG_INFORMATION_FORMAT = dwarf;
				ENABLE_STRICT_OBJC_MSGSEND = YES;
				ENABLE_TESTABILITY = YES;
				ENABLE_USER_SCRIPT_SANDBOXING = YES;
				GCC_C_LANGUAGE_STANDARD = gnu17;
				GCC_DYNAMIC_NO_PIC = NO;
				GCC_NO_COMMON_BLOCKS = YES;
				GCC_OPTIMIZATION_LEVEL = 0;
				GCC_PREPROCESSOR_DEFINITIONS = (
					"DEBUG=1",
					"$(inherited)",
				);
				GCC_WARN_64_TO_32_BIT_CONVERSION = YES;
				GCC_WARN_ABOUT_RETURN_TYPE = YES_ERROR;
				GCC_WARN_UNDECLARED_SELECTOR = YES;
				GCC_WARN_UNINITIALIZED_AUTOS = YES_AGGRESSIVE;
				GCC_WARN_UNUSED_FUNCTION = YES;
				GCC_WARN_UNUSED_VARIABLE = YES;
				IPHONEOS_DEPLOYMENT_TARGET = 17.5;
				LOCALIZATION_PREFERS_STRING_CATALOGS = YES;
				MTL_ENABLE_DEBUG_INFO = INCLUDE_SOURCE;
				MTL_FAST_MATH = YES;
				ONLY_ACTIVE_ARCH = YES;
				SDKROOT = iphoneos;
				SWIFT_ACTIVE_COMPILATION_CONDITIONS = "DEBUG $(inherited)";
				SWIFT_OPTIMIZATION_LEVEL = "-Onone";
			};
			name = Debug;
		};
		58CCB9D22C0B7DB400DDF434 /* Release */ = {
			isa = XCBuildConfiguration;
			buildSettings = {
				ALWAYS_SEARCH_USER_PATHS = NO;
				ASSETCATALOG_COMPILER_GENERATE_SWIFT_ASSET_SYMBOL_EXTENSIONS = YES;
				CLANG_ANALYZER_NONNULL = YES;
				CLANG_ANALYZER_NUMBER_OBJECT_CONVERSION = YES_AGGRESSIVE;
				CLANG_CXX_LANGUAGE_STANDARD = "gnu++20";
				CLANG_ENABLE_MODULES = YES;
				CLANG_ENABLE_OBJC_ARC = YES;
				CLANG_ENABLE_OBJC_WEAK = YES;
				CLANG_WARN_BLOCK_CAPTURE_AUTORELEASING = YES;
				CLANG_WARN_BOOL_CONVERSION = YES;
				CLANG_WARN_COMMA = YES;
				CLANG_WARN_CONSTANT_CONVERSION = YES;
				CLANG_WARN_DEPRECATED_OBJC_IMPLEMENTATIONS = YES;
				CLANG_WARN_DIRECT_OBJC_ISA_USAGE = YES_ERROR;
				CLANG_WARN_DOCUMENTATION_COMMENTS = YES;
				CLANG_WARN_EMPTY_BODY = YES;
				CLANG_WARN_ENUM_CONVERSION = YES;
				CLANG_WARN_INFINITE_RECURSION = YES;
				CLANG_WARN_INT_CONVERSION = YES;
				CLANG_WARN_NON_LITERAL_NULL_CONVERSION = YES;
				CLANG_WARN_OBJC_IMPLICIT_RETAIN_SELF = YES;
				CLANG_WARN_OBJC_LITERAL_CONVERSION = YES;
				CLANG_WARN_OBJC_ROOT_CLASS = YES_ERROR;
				CLANG_WARN_QUOTED_INCLUDE_IN_FRAMEWORK_HEADER = YES;
				CLANG_WARN_RANGE_LOOP_ANALYSIS = YES;
				CLANG_WARN_STRICT_PROTOTYPES = YES;
				CLANG_WARN_SUSPICIOUS_MOVE = YES;
				CLANG_WARN_UNGUARDED_AVAILABILITY = YES_AGGRESSIVE;
				CLANG_WARN_UNREACHABLE_CODE = YES;
				CLANG_WARN__DUPLICATE_METHOD_MATCH = YES;
				COPY_PHASE_STRIP = NO;
				DEBUG_INFORMATION_FORMAT = "dwarf-with-dsym";
				ENABLE_NS_ASSERTIONS = NO;
				ENABLE_STRICT_OBJC_MSGSEND = YES;
				ENABLE_USER_SCRIPT_SANDBOXING = YES;
				GCC_C_LANGUAGE_STANDARD = gnu17;
				GCC_NO_COMMON_BLOCKS = YES;
				GCC_WARN_64_TO_32_BIT_CONVERSION = YES;
				GCC_WARN_ABOUT_RETURN_TYPE = YES_ERROR;
				GCC_WARN_UNDECLARED_SELECTOR = YES;
				GCC_WARN_UNINITIALIZED_AUTOS = YES_AGGRESSIVE;
				GCC_WARN_UNUSED_FUNCTION = YES;
				GCC_WARN_UNUSED_VARIABLE = YES;
				IPHONEOS_DEPLOYMENT_TARGET = 17.5;
				LOCALIZATION_PREFERS_STRING_CATALOGS = YES;
				MTL_ENABLE_DEBUG_INFO = NO;
				MTL_FAST_MATH = YES;
				SDKROOT = iphoneos;
				SWIFT_COMPILATION_MODE = wholemodule;
				VALIDATE_PRODUCT = YES;
			};
			name = Release;
		};
		58CCB9D42C0B7DB400DDF434 /* Debug */ = {
			isa = XCBuildConfiguration;
			buildSettings = {
				ASSETCATALOG_COMPILER_APPICON_NAME = AppIcon;
				ASSETCATALOG_COMPILER_GLOBAL_ACCENT_COLOR_NAME = AccentColor;
				CODE_SIGN_ENTITLEMENTS = LaundryKu/LaundryKu.entitlements;
				CODE_SIGN_STYLE = Automatic;
				CURRENT_PROJECT_VERSION = 1;
				DEVELOPMENT_ASSET_PATHS = "\"LaundryKu/Preview Content\"";
				DEVELOPMENT_TEAM = T8PA28UZH7;
				ENABLE_PREVIEWS = YES;
				GENERATE_INFOPLIST_FILE = YES;
				INFOPLIST_FILE = LaundryKu/Info.plist;
				INFOPLIST_KEY_LSApplicationCategoryType = "public.app-category.business";
				INFOPLIST_KEY_UIApplicationSceneManifest_Generation = YES;
				INFOPLIST_KEY_UIApplicationSupportsIndirectInputEvents = YES;
				INFOPLIST_KEY_UILaunchScreen_Generation = YES;
				INFOPLIST_KEY_UISupportedInterfaceOrientations_iPad = "UIInterfaceOrientationPortrait UIInterfaceOrientationPortraitUpsideDown UIInterfaceOrientationLandscapeLeft UIInterfaceOrientationLandscapeRight";
				INFOPLIST_KEY_UISupportedInterfaceOrientations_iPhone = "UIInterfaceOrientationPortrait UIInterfaceOrientationLandscapeLeft UIInterfaceOrientationLandscapeRight";
				IPHONEOS_DEPLOYMENT_TARGET = 17.0;
				LD_RUNPATH_SEARCH_PATHS = (
					"$(inherited)",
					"@executable_path/Frameworks",
				);
				MARKETING_VERSION = 1.0;
				PRODUCT_BUNDLE_IDENTIFIER = mzmznasipadang.LaundryKu;
				PRODUCT_NAME = "$(TARGET_NAME)";
				SWIFT_EMIT_LOC_STRINGS = YES;
				SWIFT_VERSION = 5.0;
				TARGETED_DEVICE_FAMILY = "1,2";
			};
			name = Debug;
		};
		58CCB9D52C0B7DB400DDF434 /* Release */ = {
			isa = XCBuildConfiguration;
			buildSettings = {
				ASSETCATALOG_COMPILER_APPICON_NAME = AppIcon;
				ASSETCATALOG_COMPILER_GLOBAL_ACCENT_COLOR_NAME = AccentColor;
				CODE_SIGN_ENTITLEMENTS = LaundryKu/LaundryKu.entitlements;
				CODE_SIGN_STYLE = Automatic;
				CURRENT_PROJECT_VERSION = 1;
				DEVELOPMENT_ASSET_PATHS = "\"LaundryKu/Preview Content\"";
				DEVELOPMENT_TEAM = T8PA28UZH7;
				ENABLE_PREVIEWS = YES;
				GENERATE_INFOPLIST_FILE = YES;
				INFOPLIST_FILE = LaundryKu/Info.plist;
				INFOPLIST_KEY_LSApplicationCategoryType = "public.app-category.business";
				INFOPLIST_KEY_UIApplicationSceneManifest_Generation = YES;
				INFOPLIST_KEY_UIApplicationSupportsIndirectInputEvents = YES;
				INFOPLIST_KEY_UILaunchScreen_Generation = YES;
				INFOPLIST_KEY_UISupportedInterfaceOrientations_iPad = "UIInterfaceOrientationPortrait UIInterfaceOrientationPortraitUpsideDown UIInterfaceOrientationLandscapeLeft UIInterfaceOrientationLandscapeRight";
				INFOPLIST_KEY_UISupportedInterfaceOrientations_iPhone = "UIInterfaceOrientationPortrait UIInterfaceOrientationLandscapeLeft UIInterfaceOrientationLandscapeRight";
				IPHONEOS_DEPLOYMENT_TARGET = 17.0;
				LD_RUNPATH_SEARCH_PATHS = (
					"$(inherited)",
					"@executable_path/Frameworks",
				);
				MARKETING_VERSION = 1.0;
				PRODUCT_BUNDLE_IDENTIFIER = mzmznasipadang.LaundryKu;
				PRODUCT_NAME = "$(TARGET_NAME)";
				SWIFT_EMIT_LOC_STRINGS = YES;
				SWIFT_VERSION = 5.0;
				TARGETED_DEVICE_FAMILY = "1,2";
			};
			name = Release;
		};
		58CCB9D72C0B7DB400DDF434 /* Debug */ = {
			isa = XCBuildConfiguration;
			buildSettings = {
				ALWAYS_EMBED_SWIFT_STANDARD_LIBRARIES = YES;
				BUNDLE_LOADER = "$(TEST_HOST)";
				CODE_SIGN_STYLE = Automatic;
				CURRENT_PROJECT_VERSION = 1;
				DEVELOPMENT_TEAM = T8PA28UZH7;
				GENERATE_INFOPLIST_FILE = YES;
				IPHONEOS_DEPLOYMENT_TARGET = 17.5;
				MARKETING_VERSION = 1.0;
				PRODUCT_BUNDLE_IDENTIFIER = mzmznasipadang.LaundryKuTests;
				PRODUCT_NAME = "$(TARGET_NAME)";
				SWIFT_EMIT_LOC_STRINGS = NO;
				SWIFT_VERSION = 5.0;
				TARGETED_DEVICE_FAMILY = "1,2";
				TEST_HOST = "$(BUILT_PRODUCTS_DIR)/LaundryKu.app/$(BUNDLE_EXECUTABLE_FOLDER_PATH)/LaundryKu";
			};
			name = Debug;
		};
		58CCB9D82C0B7DB400DDF434 /* Release */ = {
			isa = XCBuildConfiguration;
			buildSettings = {
				ALWAYS_EMBED_SWIFT_STANDARD_LIBRARIES = YES;
				BUNDLE_LOADER = "$(TEST_HOST)";
				CODE_SIGN_STYLE = Automatic;
				CURRENT_PROJECT_VERSION = 1;
				DEVELOPMENT_TEAM = T8PA28UZH7;
				GENERATE_INFOPLIST_FILE = YES;
				IPHONEOS_DEPLOYMENT_TARGET = 17.5;
				MARKETING_VERSION = 1.0;
				PRODUCT_BUNDLE_IDENTIFIER = mzmznasipadang.LaundryKuTests;
				PRODUCT_NAME = "$(TARGET_NAME)";
				SWIFT_EMIT_LOC_STRINGS = NO;
				SWIFT_VERSION = 5.0;
				TARGETED_DEVICE_FAMILY = "1,2";
				TEST_HOST = "$(BUILT_PRODUCTS_DIR)/LaundryKu.app/$(BUNDLE_EXECUTABLE_FOLDER_PATH)/LaundryKu";
			};
			name = Release;
		};
		58CCB9DA2C0B7DB400DDF434 /* Debug */ = {
			isa = XCBuildConfiguration;
			buildSettings = {
				ALWAYS_EMBED_SWIFT_STANDARD_LIBRARIES = YES;
				CODE_SIGN_STYLE = Automatic;
				CURRENT_PROJECT_VERSION = 1;
				DEVELOPMENT_TEAM = T8PA28UZH7;
				GENERATE_INFOPLIST_FILE = YES;
				MARKETING_VERSION = 1.0;
				PRODUCT_BUNDLE_IDENTIFIER = mzmznasipadang.LaundryKuUITests;
				PRODUCT_NAME = "$(TARGET_NAME)";
				SWIFT_EMIT_LOC_STRINGS = NO;
				SWIFT_VERSION = 5.0;
				TARGETED_DEVICE_FAMILY = "1,2";
				TEST_TARGET_NAME = LaundryKu;
			};
			name = Debug;
		};
		58CCB9DB2C0B7DB400DDF434 /* Release */ = {
			isa = XCBuildConfiguration;
			buildSettings = {
				ALWAYS_EMBED_SWIFT_STANDARD_LIBRARIES = YES;
				CODE_SIGN_STYLE = Automatic;
				CURRENT_PROJECT_VERSION = 1;
				DEVELOPMENT_TEAM = T8PA28UZH7;
				GENERATE_INFOPLIST_FILE = YES;
				MARKETING_VERSION = 1.0;
				PRODUCT_BUNDLE_IDENTIFIER = mzmznasipadang.LaundryKuUITests;
				PRODUCT_NAME = "$(TARGET_NAME)";
				SWIFT_EMIT_LOC_STRINGS = NO;
				SWIFT_VERSION = 5.0;
				TARGETED_DEVICE_FAMILY = "1,2";
				TEST_TARGET_NAME = LaundryKu;
			};
			name = Release;
		};
/* End XCBuildConfiguration section */

/* Begin XCConfigurationList section */
		58CCB9A52C0B7DB200DDF434 /* Build configuration list for PBXProject "LaundryKu" */ = {
			isa = XCConfigurationList;
			buildConfigurations = (
				58CCB9D12C0B7DB400DDF434 /* Debug */,
				58CCB9D22C0B7DB400DDF434 /* Release */,
			);
			defaultConfigurationIsVisible = 0;
			defaultConfigurationName = Release;
		};
		58CCB9D32C0B7DB400DDF434 /* Build configuration list for PBXNativeTarget "LaundryKu" */ = {
			isa = XCConfigurationList;
			buildConfigurations = (
				58CCB9D42C0B7DB400DDF434 /* Debug */,
				58CCB9D52C0B7DB400DDF434 /* Release */,
			);
			defaultConfigurationIsVisible = 0;
			defaultConfigurationName = Release;
		};
		58CCB9D62C0B7DB400DDF434 /* Build configuration list for PBXNativeTarget "LaundryKuTests" */ = {
			isa = XCConfigurationList;
			buildConfigurations = (
				58CCB9D72C0B7DB400DDF434 /* Debug */,
				58CCB9D82C0B7DB400DDF434 /* Release */,
			);
			defaultConfigurationIsVisible = 0;
			defaultConfigurationName = Release;
		};
		58CCB9D92C0B7DB400DDF434 /* Build configuration list for PBXNativeTarget "LaundryKuUITests" */ = {
			isa = XCConfigurationList;
			buildConfigurations = (
				58CCB9DA2C0B7DB400DDF434 /* Debug */,
				58CCB9DB2C0B7DB400DDF434 /* Release */,
			);
			defaultConfigurationIsVisible = 0;
			defaultConfigurationName = Release;
		};
/* End XCConfigurationList section */

/* Begin XCLocalSwiftPackageReference section */
		588827D52C0C801600C0A821 /* XCLocalSwiftPackageReference "../firebase-ios-sdk" */ = {
			isa = XCLocalSwiftPackageReference;
			relativePath = "../firebase-ios-sdk";
		};
		588827E02C0C840700C0A821 /* XCLocalSwiftPackageReference "../GoogleSignIn-iOS" */ = {
			isa = XCLocalSwiftPackageReference;
			relativePath = "../GoogleSignIn-iOS";
		};
/* End XCLocalSwiftPackageReference section */

/* Begin XCSwiftPackageProductDependency section */
		588827D62C0C801600C0A821 /* FirebaseAnalytics */ = {
			isa = XCSwiftPackageProductDependency;
			productName = FirebaseAnalytics;
		};
		588827D82C0C801600C0A821 /* FirebaseAnalyticsOnDeviceConversion */ = {
			isa = XCSwiftPackageProductDependency;
			productName = FirebaseAnalyticsOnDeviceConversion;
		};
		588827DA2C0C801600C0A821 /* FirebaseAnalyticsSwift */ = {
			isa = XCSwiftPackageProductDependency;
			productName = FirebaseAnalyticsSwift;
		};
		588827DC2C0C801600C0A821 /* FirebaseAnalyticsWithoutAdIdSupport */ = {
			isa = XCSwiftPackageProductDependency;
			productName = FirebaseAnalyticsWithoutAdIdSupport;
		};
		588827DE2C0C801600C0A821 /* FirebaseAppCheck */ = {
			isa = XCSwiftPackageProductDependency;
			productName = FirebaseAppCheck;
		};
		588827E12C0C840700C0A821 /* GoogleSignIn */ = {
			isa = XCSwiftPackageProductDependency;
			productName = GoogleSignIn;
		};
		588827E32C0C840700C0A821 /* GoogleSignInSwift */ = {
			isa = XCSwiftPackageProductDependency;
			productName = GoogleSignInSwift;
		};
		588827E52C0C874E00C0A821 /* FirebaseAnalytics */ = {
			isa = XCSwiftPackageProductDependency;
			productName = FirebaseAnalytics;
		};
		588827E72C0C874E00C0A821 /* FirebaseAnalyticsOnDeviceConversion */ = {
			isa = XCSwiftPackageProductDependency;
			productName = FirebaseAnalyticsOnDeviceConversion;
		};
		588827E92C0C874E00C0A821 /* FirebaseAnalyticsSwift */ = {
			isa = XCSwiftPackageProductDependency;
			productName = FirebaseAnalyticsSwift;
		};
		588827EB2C0C874E00C0A821 /* FirebaseAnalyticsWithoutAdIdSupport */ = {
			isa = XCSwiftPackageProductDependency;
			productName = FirebaseAnalyticsWithoutAdIdSupport;
		};
		588827ED2C0C874E00C0A821 /* FirebaseAppCheck */ = {
			isa = XCSwiftPackageProductDependency;
			productName = FirebaseAppCheck;
		};
		588827EF2C0C874E00C0A821 /* FirebaseAppDistribution-Beta */ = {
			isa = XCSwiftPackageProductDependency;
			productName = "FirebaseAppDistribution-Beta";
		};
		588827F12C0C874E00C0A821 /* FirebaseAuth */ = {
			isa = XCSwiftPackageProductDependency;
			productName = FirebaseAuth;
		};
		588827F32C0C874E00C0A821 /* FirebaseAuthCombine-Community */ = {
			isa = XCSwiftPackageProductDependency;
			productName = "FirebaseAuthCombine-Community";
		};
		588827F52C0C874E00C0A821 /* FirebaseCrashlytics */ = {
			isa = XCSwiftPackageProductDependency;
			productName = FirebaseCrashlytics;
		};
		588827F72C0C874E00C0A821 /* FirebaseDatabase */ = {
			isa = XCSwiftPackageProductDependency;
			productName = FirebaseDatabase;
		};
		588827F92C0C874E00C0A821 /* FirebaseDatabaseSwift */ = {
			isa = XCSwiftPackageProductDependency;
			productName = FirebaseDatabaseSwift;
		};
		588827FB2C0C874E00C0A821 /* FirebaseDynamicLinks */ = {
			isa = XCSwiftPackageProductDependency;
			productName = FirebaseDynamicLinks;
		};
		588827FD2C0C874E00C0A821 /* FirebaseFirestore */ = {
			isa = XCSwiftPackageProductDependency;
			productName = FirebaseFirestore;
		};
		588827FF2C0C874E00C0A821 /* FirebaseFirestoreCombine-Community */ = {
			isa = XCSwiftPackageProductDependency;
			productName = "FirebaseFirestoreCombine-Community";
		};
		588828012C0C874E00C0A821 /* FirebaseFirestoreSwift */ = {
			isa = XCSwiftPackageProductDependency;
			productName = FirebaseFirestoreSwift;
		};
		588828032C0C874E00C0A821 /* FirebaseFunctions */ = {
			isa = XCSwiftPackageProductDependency;
			productName = FirebaseFunctions;
		};
		588828052C0C874E00C0A821 /* FirebaseFunctionsCombine-Community */ = {
			isa = XCSwiftPackageProductDependency;
			productName = "FirebaseFunctionsCombine-Community";
		};
		5888280B2C0C874E00C0A821 /* FirebaseInstallations */ = {
			isa = XCSwiftPackageProductDependency;
			productName = FirebaseInstallations;
		};
		5888280D2C0C874E00C0A821 /* FirebaseMLModelDownloader */ = {
			isa = XCSwiftPackageProductDependency;
			productName = FirebaseMLModelDownloader;
		};
		588828112C0C874E00C0A821 /* FirebasePerformance */ = {
			isa = XCSwiftPackageProductDependency;
			productName = FirebasePerformance;
		};
		588828132C0C874E00C0A821 /* FirebaseRemoteConfig */ = {
			isa = XCSwiftPackageProductDependency;
			productName = FirebaseRemoteConfig;
		};
		588828152C0C874E00C0A821 /* FirebaseRemoteConfigSwift */ = {
			isa = XCSwiftPackageProductDependency;
			productName = FirebaseRemoteConfigSwift;
		};
		588828172C0C874E00C0A821 /* FirebaseStorage */ = {
			isa = XCSwiftPackageProductDependency;
			productName = FirebaseStorage;
		};
		588828192C0C874E00C0A821 /* FirebaseStorageCombine-Community */ = {
			isa = XCSwiftPackageProductDependency;
			productName = "FirebaseStorageCombine-Community";
		};
		5888281B2C0C874E00C0A821 /* FirebaseVertexAI-Preview */ = {
			isa = XCSwiftPackageProductDependency;
			productName = "FirebaseVertexAI-Preview";
		};
/* End XCSwiftPackageProductDependency section */

/* Begin XCVersionGroup section */
		58CCB9B82C0B7DB400DDF434 /* LaundryKu.xcdatamodeld */ = {
			isa = XCVersionGroup;
			children = (
				58CCB9B92C0B7DB400DDF434 /* LaundryKu.xcdatamodel */,
			);
			currentVersion = 58CCB9B92C0B7DB400DDF434 /* LaundryKu.xcdatamodel */;
			path = LaundryKu.xcdatamodeld;
			sourceTree = "<group>";
			versionGroupType = wrapper.xcdatamodel;
		};
/* End XCVersionGroup section */
	};
	rootObject = 58CCB9A22C0B7DB200DDF434 /* Project object */;
}
